
Microsoft Visual Studio Solution File, Format Version 12.00
# Visual Studio Version 16
VisualStudioVersion = 16.0.30711.63
MinimumVisualStudioVersion = 15.0.26124.0
Project("{2150E333-8FDC-42A3-9474-1A3956D46DE8}") = "src", "src", "{2402B2ED-5ACD-4184-90E0-63319DF369C4}"
EndProject
Project("{2150E333-8FDC-42A3-9474-1A3956D46DE8}") = "test", "test", "{25A6F929-F7DF-46DB-B262-C10CC89C0C24}"
EndProject
Project("{9A19103F-16F7-4668-BE54-9A1E7A4F7556}") = "FhirImporter", "src\FhirImporter\FhirImporter.csproj", "{CF4E49E2-B890-4263-8663-54546095EAC5}"
EndProject
Global
	GlobalSection(SolutionConfigurationPlatforms) = preSolution
		Debug|Any CPU = Debug|Any CPU
		Debug|x64 = Debug|x64
		Debug|x86 = Debug|x86
		Release|Any CPU = Release|Any CPU
		Release|x64 = Release|x64
		Release|x86 = Release|x86
	EndGlobalSection
	GlobalSection(ProjectConfigurationPlatforms) = postSolution
		{CF4E49E2-B890-4263-8663-54546095EAC5}.Debug|Any CPU.ActiveCfg = Debug|Any CPU
		{CF4E49E2-B890-4263-8663-54546095EAC5}.Debug|Any CPU.Build.0 = Debug|Any CPU
		{CF4E49E2-B890-4263-8663-54546095EAC5}.Debug|x64.ActiveCfg = Debug|Any CPU
		{CF4E49E2-B890-4263-8663-54546095EAC5}.Debug|x64.Build.0 = Debug|Any CPU
		{CF4E49E2-B890-4263-8663-54546095EAC5}.Debug|x86.ActiveCfg = Debug|Any CPU
		{CF4E49E2-B890-4263-8663-54546095EAC5}.Debug|x86.Build.0 = Debug|Any CPU
		{CF4E49E2-B890-4263-8663-54546095EAC5}.Release|Any CPU.ActiveCfg = Release|Any CPU
		{CF4E49E2-B890-4263-8663-54546095EAC5}.Release|Any CPU.Build.0 = Release|Any CPU
		{CF4E49E2-B890-4263-8663-54546095EAC5}.Release|x64.ActiveCfg = Release|Any CPU
		{CF4E49E2-B890-4263-8663-54546095EAC5}.Release|x64.Build.0 = Release|Any CPU
		{CF4E49E2-B890-4263-8663-54546095EAC5}.Release|x86.ActiveCfg = Release|Any CPU
		{CF4E49E2-B890-4263-8663-54546095EAC5}.Release|x86.Build.0 = Release|Any CPU
	EndGlobalSection
	GlobalSection(SolutionProperties) = preSolution
		HideSolutionNode = FALSE
	EndGlobalSection
	GlobalSection(NestedProjects) = preSolution
		{CF4E49E2-B890-4263-8663-54546095EAC5} = {2402B2ED-5ACD-4184-90E0-63319DF369C4}
	EndGlobalSection
	GlobalSection(ExtensibilityGlobals) = postSolution
		SolutionGuid = {AD5D0F40-5D8B-444F-940F-C9DBD4BFCBD9}
	EndGlobalSection
EndGlobal
